// !$*UTF8*$!
{
	archiveVersion = 1;
	classes = {
	};
	objectVersion = 48;
	objects = {

/* Begin PBXBuildFile section */
		8375C9281F8E4B8300683EDB /* DetailViewController.swift in Sources */ = {isa = PBXBuildFile; fileRef = 8375C9271F8E4B8300683EDB /* DetailViewController.swift */; };
		83B739261F8CE50400D6312A /* AppDelegate.swift in Sources */ = {isa = PBXBuildFile; fileRef = 83B739251F8CE50400D6312A /* AppDelegate.swift */; };
		83B7392B1F8CE50400D6312A /* Main.storyboard in Resources */ = {isa = PBXBuildFile; fileRef = 83B739291F8CE50400D6312A /* Main.storyboard */; };
		83B7392D1F8CE50400D6312A /* Assets.xcassets in Resources */ = {isa = PBXBuildFile; fileRef = 83B7392C1F8CE50400D6312A /* Assets.xcassets */; };
		83B739301F8CE50400D6312A /* LaunchScreen.storyboard in Resources */ = {isa = PBXBuildFile; fileRef = 83B7392E1F8CE50400D6312A /* LaunchScreen.storyboard */; };
		83B7393C1F8CE58900D6312A /* TableViewController.swift in Sources */ = {isa = PBXBuildFile; fileRef = 83B7393B1F8CE58900D6312A /* TableViewController.swift */; };
		83B7393E1F8CE62400D6312A /* TableViewCell.swift in Sources */ = {isa = PBXBuildFile; fileRef = 83B7393D1F8CE62400D6312A /* TableViewCell.swift */; };
/* End PBXBuildFile section */

/* Begin PBXFileReference section */
		8375C9271F8E4B8300683EDB /* DetailViewController.swift */ = {isa = PBXFileReference; lastKnownFileType = sourcecode.swift; path = DetailViewController.swift; sourceTree = "<group>"; };
		83B739221F8CE50400D6312A /* Project 3 - TableViewApp.app */ = {isa = PBXFileReference; explicitFileType = wrapper.application; includeInIndex = 0; path = "Project 3 - TableViewApp.app"; sourceTree = BUILT_PRODUCTS_DIR; };
		83B739251F8CE50400D6312A /* AppDelegate.swift */ = {isa = PBXFileReference; lastKnownFileType = sourcecode.swift; path = AppDelegate.swift; sourceTree = "<group>"; };
		83B7392A1F8CE50400D6312A /* Base */ = {isa = PBXFileReference; lastKnownFileType = file.storyboard; name = Base; path = Base.lproj/Main.storyboard; sourceTree = "<group>"; };
		83B7392C1F8CE50400D6312A /* Assets.xcassets */ = {isa = PBXFileReference; lastKnownFileType = folder.assetcatalog; path = Assets.xcassets; sourceTree = "<group>"; };
		83B7392F1F8CE50400D6312A /* Base */ = {isa = PBXFileReference; lastKnownFileType = file.storyboard; name = Base; path = Base.lproj/LaunchScreen.storyboard; sourceTree = "<group>"; };
		83B739311F8CE50400D6312A /* Info.plist */ = {isa = PBXFileReference; lastKnownFileType = text.plist.xml; path = Info.plist; sourceTree = "<group>"; };
		83B7393B1F8CE58900D6312A /* TableViewController.swift */ = {isa = PBXFileReference; lastKnownFileType = sourcecode.swift; path = TableViewController.swift; sourceTree = "<group>"; };
		83B7393D1F8CE62400D6312A /* TableViewCell.swift */ = {isa = PBXFileReference; lastKnownFileType = sourcecode.swift; path = TableViewCell.swift; sourceTree = "<group>"; };
/* End PBXFileReference section */

/* Begin PBXFrameworksBuildPhase section */
		83B7391F1F8CE50400D6312A /* Frameworks */ = {
			isa = PBXFrameworksBuildPhase;
			buildActionMask = 2147483647;
			files = (
			);
			runOnlyForDeploymentPostprocessing = 0;
		};
/* End PBXFrameworksBuildPhase section */

/* Begin PBXGroup section */
		83B739191F8CE50400D6312A = {
			isa = PBXGroup;
			children = (
				83B739241F8CE50400D6312A /* Project 3 - TableViewApp */,
				83B739231F8CE50400D6312A /* Products */,
			);
			sourceTree = "<group>";
		};
		83B739231F8CE50400D6312A /* Products */ = {
			isa = PBXGroup;
			children = (
				83B739221F8CE50400D6312A /* Project 3 - TableViewApp.app */,
			);
			name = Products;
			sourceTree = "<group>";
		};
		83B739241F8CE50400D6312A /* Project 3 - TableViewApp */ = {
			isa = PBXGroup;
			children = (
				83B7393A1F8CE56000D6312A /* Models */,
				83B739391F8CE55900D6312A /* Views */,
				83B739381F8CE55000D6312A /* Controllers */,
				83B739371F8CE53C00D6312A /* Supporting Files */,
				83B739291F8CE50400D6312A /* Main.storyboard */,
				83B739311F8CE50400D6312A /* Info.plist */,
			);
			path = "Project 3 - TableViewApp";
			sourceTree = "<group>";
		};
		83B739371F8CE53C00D6312A /* Supporting Files */ = {
			isa = PBXGroup;
			children = (
				83B739251F8CE50400D6312A /* AppDelegate.swift */,
				83B7392C1F8CE50400D6312A /* Assets.xcassets */,
				83B7392E1F8CE50400D6312A /* LaunchScreen.storyboard */,
			);
			path = "Supporting Files";
			sourceTree = "<group>";
		};
		83B739381F8CE55000D6312A /* Controllers */ = {
			isa = PBXGroup;
			children = (
				83B7393B1F8CE58900D6312A /* TableViewController.swift */,
				8375C9271F8E4B8300683EDB /* DetailViewController.swift */,
			);
			path = Controllers;
			sourceTree = "<group>";
		};
		83B739391F8CE55900D6312A /* Views */ = {
			isa = PBXGroup;
			children = (
			);
			path = Views;
			sourceTree = "<group>";
		};
		83B7393A1F8CE56000D6312A /* Models */ = {
			isa = PBXGroup;
			children = (
				83B7393D1F8CE62400D6312A /* TableViewCell.swift */,
			);
			path = Models;
			sourceTree = "<group>";
		};
/* End PBXGroup section */

/* Begin PBXNativeTarget section */
		83B739211F8CE50400D6312A /* Project 3 - TableViewApp */ = {
			isa = PBXNativeTarget;
			buildConfigurationList = 83B739341F8CE50400D6312A /* Build configuration list for PBXNativeTarget "Project 3 - TableViewApp" */;
			buildPhases = (
				83B7391E1F8CE50400D6312A /* Sources */,
				83B7391F1F8CE50400D6312A /* Frameworks */,
				83B739201F8CE50400D6312A /* Resources */,
			);
			buildRules = (
			);
			dependencies = (
			);
			name = "Project 3 - TableViewApp";
			productName = "Project 3 - TableViewApp";
			productReference = 83B739221F8CE50400D6312A /* Project 3 - TableViewApp.app */;
			productType = "com.apple.product-type.application";
		};
/* End PBXNativeTarget section */

/* Begin PBXProject section */
		83B7391A1F8CE50400D6312A /* Project object */ = {
			isa = PBXProject;
			attributes = {
				LastSwiftUpdateCheck = 0900;
				LastUpgradeCheck = 0900;
				ORGANIZATIONNAME = "Sujanth Sebamalaithasan";
				TargetAttributes = {
					83B739211F8CE50400D6312A = {
						CreatedOnToolsVersion = 9.0;
						ProvisioningStyle = Automatic;
					};
				};
			};
			buildConfigurationList = 83B7391D1F8CE50400D6312A /* Build configuration list for PBXProject "Project 3 - TableViewApp" */;
			compatibilityVersion = "Xcode 8.0";
			developmentRegion = en;
			hasScannedForEncodings = 0;
			knownRegions = (
				en,
				Base,
			);
			mainGroup = 83B739191F8CE50400D6312A;
			productRefGroup = 83B739231F8CE50400D6312A /* Products */;
			projectDirPath = "";
			projectRoot = "";
			targets = (
				83B739211F8CE50400D6312A /* Project 3 - TableViewApp */,
			);
		};
/* End PBXProject section */

/* Begin PBXResourcesBuildPhase section */
		83B739201F8CE50400D6312A /* Resources */ = {
			isa = PBXResourcesBuildPhase;
			buildActionMask = 2147483647;
			files = (
				83B739301F8CE50400D6312A /* LaunchScreen.storyboard in Resources */,
				83B7392D1F8CE50400D6312A /* Assets.xcassets in Resources */,
				83B7392B1F8CE50400D6312A /* Main.storyboard in Resources */,
			);
			runOnlyForDeploymentPostprocessing = 0;
		};
/* End PBXResourcesBuildPhase section */

/* Begin PBXSourcesBuildPhase section */
		83B7391E1F8CE50400D6312A /* Sources */ = {
			isa = PBXSourcesBuildPhase;
			buildActionMask = 2147483647;
			files = (
				83B7393E1F8CE62400D6312A /* TableViewCell.swift in Sources */,
				83B739261F8CE50400D6312A /* AppDelegate.swift in Sources */,
				83B7393C1F8CE58900D6312A /* TableViewController.swift in Sources */,
				8375C9281F8E4B8300683EDB /* DetailViewController.swift in Sources */,
			);
			runOnlyForDeploymentPostprocessing = 0;
		};
/* End PBXSourcesBuildPhase section */

/* Begin PBXVariantGroup section */
		83B739291F8CE50400D6312A /* Main.storyboard */ = {
			isa = PBXVariantGroup;
			children = (
				83B7392A1F8CE50400D6312A /* Base */,
			);
			name = Main.storyboard;
			sourceTree = "<group>";
		};
		83B7392E1F8CE50400D6312A /* LaunchScreen.storyboard */ = {
			isa = PBXVariantGroup;
			children = (
				83B7392F1F8CE50400D6312A /* Base */,
			);
			name = LaunchScreen.storyboard;
			sourceTree = "<group>";
		};
/* End PBXVariantGroup section */

/* Begin XCBuildConfiguration section */
		83B739321F8CE50400D6312A /* Debug */ = {
			isa = XCBuildConfiguration;
			buildSettings = {
				ALWAYS_SEARCH_USER_PATHS = NO;
				CLANG_ANALYZER_NONNULL = YES;
				CLANG_ANALYZER_NUMBER_OBJECT_CONVERSION = YES_AGGRESSIVE;
				CLANG_CXX_LANGUAGE_STANDARD = "gnu++14";
				CLANG_CXX_LIBRARY = "libc++";
				CLANG_ENABLE_MODULES = YES;
				CLANG_ENABLE_OBJC_ARC = YES;
				CLANG_WARN_BLOCK_CAPTURE_AUTORELEASING = YES;
				CLANG_WARN_BOOL_CONVERSION = YES;
				CLANG_WARN_COMMA = YES;
				CLANG_WARN_CONSTANT_CONVERSION = YES;
				CLANG_WARN_DIRECT_OBJC_ISA_USAGE = YES_ERROR;
				CLANG_WARN_DOCUMENTATION_COMMENTS = YES;
				CLANG_WARN_EMPTY_BODY = YES;
				CLANG_WARN_ENUM_CONVERSION = YES;
				CLANG_WARN_INFINITE_RECURSION = YES;
				CLANG_WARN_INT_CONVERSION = YES;
				CLANG_WARN_NON_LITERAL_NULL_CONVERSION = YES;
				CLANG_WARN_OBJC_LITERAL_CONVERSION = YES;
				CLANG_WARN_OBJC_ROOT_CLASS = YES_ERROR;
				CLANG_WARN_RANGE_LOOP_ANALYSIS = YES;
				CLANG_WARN_STRICT_PROTOTYPES = YES;
				CLANG_WARN_SUSPICIOUS_MOVE = YES;
				CLANG_WARN_UNGUARDED_AVAILABILITY = YES_AGGRESSIVE;
				CLANG_WARN_UNREACHABLE_CODE = YES;
				CLANG_WARN__DUPLICATE_METHOD_MATCH = YES;
				CODE_SIGN_IDENTITY = "iPhone Developer";
				COPY_PHASE_STRIP = NO;
				DEBUG_INFORMATION_FORMAT = dwarf;
				ENABLE_STRICT_OBJC_MSGSEND = YES;
				ENABLE_TESTABILITY = YES;
				GCC_C_LANGUAGE_STANDARD = gnu11;
				GCC_DYNAMIC_NO_PIC = NO;
				GCC_NO_COMMON_BLOCKS = YES;
				GCC_OPTIMIZATION_LEVEL = 0;
				GCC_PREPROCESSOR_DEFINITIONS = (
					"DEBUG=1",
					"$(inherited)",
				);
				GCC_WARN_64_TO_32_BIT_CONVERSION = YES;
				GCC_WARN_ABOUT_RETURN_TYPE = YES_ERROR;
				GCC_WARN_UNDECLARED_SELECTOR = YES;
				GCC_WARN_UNINITIALIZED_AUTOS = YES_AGGRESSIVE;
				GCC_WARN_UNUSED_FUNCTION = YES;
				GCC_WARN_UNUSED_VARIABLE = YES;
				IPHONEOS_DEPLOYMENT_TARGET = 11.0;
				MTL_ENABLE_DEBUG_INFO = YES;
				ONLY_ACTIVE_ARCH = YES;
				SDKROOT = iphoneos;
				SWIFT_ACTIVE_COMPILATION_CONDITIONS = DEBUG;
				SWIFT_OPTIMIZATION_LEVEL = "-Onone";
			};
			name = Debug;
		};
		83B739331F8CE50400D6312A /* Release */ = {
			isa = XCBuildConfiguration;
			buildSettings = {
				ALWAYS_SEARCH_USER_PATHS = NO;
				CLANG_ANALYZER_NONNULL = YES;
				CLANG_ANALYZER_NUMBER_OBJECT_CONVERSION = YES_AGGRESSIVE;
				CLANG_CXX_LANGUAGE_STANDARD = "gnu++14";
				CLANG_CXX_LIBRARY = "libc++";
				CLANG_ENABLE_MODULES = YES;
				CLANG_ENABLE_OBJC_ARC = YES;
				CLANG_WARN_BLOCK_CAPTURE_AUTORELEASING = YES;
				CLANG_WARN_BOOL_CONVERSION = YES;
				CLANG_WARN_COMMA = YES;
				CLANG_WARN_CONSTANT_CONVERSION = YES;
				CLANG_WARN_DIRECT_OBJC_ISA_USAGE = YES_ERROR;
				CLANG_WARN_DOCUMENTATION_COMMENTS = YES;
				CLANG_WARN_EMPTY_BODY = YES;
				CLANG_WARN_ENUM_CONVERSION = YES;
				CLANG_WARN_INFINITE_RECURSION = YES;
				CLANG_WARN_INT_CONVERSION = YES;
				CLANG_WARN_NON_LITERAL_NULL_CONVERSION = YES;
				CLANG_WARN_OBJC_LITERAL_CONVERSION = YES;
				CLANG_WARN_OBJC_ROOT_CLASS = YES_ERROR;
				CLANG_WARN_RANGE_LOOP_ANALYSIS = YES;
				CLANG_WARN_STRICT_PROTOTYPES = YES;
				CLANG_WARN_SUSPICIOUS_MOVE = YES;
				CLANG_WARN_UNGUARDED_AVAILABILITY = YES_AGGRESSIVE;
				CLANG_WARN_UNREACHABLE_CODE = YES;
				CLANG_WARN__DUPLICATE_METHOD_MATCH = YES;
				CODE_SIGN_IDENTITY = "iPhone Developer";
				COPY_PHASE_STRIP = NO;
				DEBUG_INFORMATION_FORMAT = "dwarf-with-dsym";
				ENABLE_NS_ASSERTIONS = NO;
				ENABLE_STRICT_OBJC_MSGSEND = YES;
				GCC_C_LANGUAGE_STANDARD = gnu11;
				GCC_NO_COMMON_BLOCKS = YES;
				GCC_WARN_64_TO_32_BIT_CONVERSION = YES;
				GCC_WARN_ABOUT_RETURN_TYPE = YES_ERROR;
				GCC_WARN_UNDECLARED_SELECTOR = YES;
				GCC_WARN_UNINITIALIZED_AUTOS = YES_AGGRESSIVE;
				GCC_WARN_UNUSED_FUNCTION = YES;
				GCC_WARN_UNUSED_VARIABLE = YES;
				IPHONEOS_DEPLOYMENT_TARGET = 11.0;
				MTL_ENABLE_DEBUG_INFO = NO;
				SDKROOT = iphoneos;
				SWIFT_OPTIMIZATION_LEVEL = "-Owholemodule";
				VALIDATE_PRODUCT = YES;
			};
			name = Release;
		};
		83B739351F8CE50400D6312A /* Debug */ = {
			isa = XCBuildConfiguration;
			buildSettings = {
				ASSETCATALOG_COMPILER_APPICON_NAME = AppIcon;
				CODE_SIGN_STYLE = Automatic;
				DEVELOPMENT_TEAM = 7444ZHPYLX;
				INFOPLIST_FILE = "Project 3 - TableViewApp/Info.plist";
				LD_RUNPATH_SEARCH_PATHS = "$(inherited) @executable_path/Frameworks";
				PRODUCT_BUNDLE_IDENTIFIER = "com.sujanth.Project-3---TableViewApp";
				PRODUCT_NAME = "$(TARGET_NAME)";
				SWIFT_VERSION = 4.0;
				TARGETED_DEVICE_FAMILY = "1,2";
			};
			name = Debug;
		};
		83B739361F8CE50400D6312A /* Release */ = {
			isa = XCBuildConfiguration;
			buildSettings = {
				ASSETCATALOG_COMPILER_APPICON_NAME = AppIcon;
				CODE_SIGN_STYLE = Automatic;
				DEVELOPMENT_TEAM = 7444ZHPYLX;
				INFOPLIST_FILE = "Project 3 - TableViewApp/Info.plist";
				LD_RUNPATH_SEARCH_PATHS = "$(inherited) @executable_path/Frameworks";
				PRODUCT_BUNDLE_IDENTIFIER = "com.sujanth.Project-3---TableViewApp";
				PRODUCT_NAME = "$(TARGET_NAME)";
				SWIFT_VERSION = 4.0;
				TARGETED_DEVICE_FAMILY = "1,2";
			};
			name = Release;
		};
/* End XCBuildConfiguration section */

/* Begin XCConfigurationList section */
		83B7391D1F8CE50400D6312A /* Build configuration list for PBXProject "Project 3 - TableViewApp" */ = {
			isa = XCConfigurationList;
			buildConfigurations = (
				83B739321F8CE50400D6312A /* Debug */,
				83B739331F8CE50400D6312A /* Release */,
			);
			defaultConfigurationIsVisible = 0;
			defaultConfigurationName = Release;
		};
		83B739341F8CE50400D6312A /* Build configuration list for PBXNativeTarget "Project 3 - TableViewApp" */ = {
			isa = XCConfigurationList;
			buildConfigurations = (
				83B739351F8CE50400D6312A /* Debug */,
				83B739361F8CE50400D6312A /* Release */,
			);
			defaultConfigurationIsVisible = 0;
			defaultConfigurationName = Release;
		};
/* End XCConfigurationList section */
	};
	rootObject = 83B7391A1F8CE50400D6312A /* Project object */;
}
