// !$*UTF8*$!
{
	archiveVersion = 1;
	classes = {
	};
	objectVersion = 48;
	objects = {

/* Begin PBXBuildFile section */
		83B739021F8B9F2000D6312A /* AppDelegate.swift in Sources */ = {isa = PBXBuildFile; fileRef = 83B739011F8B9F2000D6312A /* AppDelegate.swift */; };
		83B739041F8B9F2000D6312A /* ViewController.swift in Sources */ = {isa = PBXBuildFile; fileRef = 83B739031F8B9F2000D6312A /* ViewController.swift */; };
		83B739071F8B9F2000D6312A /* Main.storyboard in Resources */ = {isa = PBXBuildFile; fileRef = 83B739051F8B9F2000D6312A /* Main.storyboard */; };
		83B739091F8B9F2000D6312A /* Assets.xcassets in Resources */ = {isa = PBXBuildFile; fileRef = 83B739081F8B9F2000D6312A /* Assets.xcassets */; };
		83B7390C1F8B9F2000D6312A /* LaunchScreen.storyboard in Resources */ = {isa = PBXBuildFile; fileRef = 83B7390A1F8B9F2000D6312A /* LaunchScreen.storyboard */; };
		83B739181F8BA1CB00D6312A /* RoundedCornerButton.swift in Sources */ = {isa = PBXBuildFile; fileRef = 83B739171F8BA1CB00D6312A /* RoundedCornerButton.swift */; };
/* End PBXBuildFile section */

/* Begin PBXFileReference section */
		83B738FE1F8B9F2000D6312A /* Project 2 - Two Screen App.app */ = {isa = PBXFileReference; explicitFileType = wrapper.application; includeInIndex = 0; path = "Project 2 - Two Screen App.app"; sourceTree = BUILT_PRODUCTS_DIR; };
		83B739011F8B9F2000D6312A /* AppDelegate.swift */ = {isa = PBXFileReference; lastKnownFileType = sourcecode.swift; path = AppDelegate.swift; sourceTree = "<group>"; };
		83B739031F8B9F2000D6312A /* ViewController.swift */ = {isa = PBXFileReference; lastKnownFileType = sourcecode.swift; path = ViewController.swift; sourceTree = "<group>"; };
		83B739061F8B9F2000D6312A /* Base */ = {isa = PBXFileReference; lastKnownFileType = file.storyboard; name = Base; path = Base.lproj/Main.storyboard; sourceTree = "<group>"; };
		83B739081F8B9F2000D6312A /* Assets.xcassets */ = {isa = PBXFileReference; lastKnownFileType = folder.assetcatalog; path = Assets.xcassets; sourceTree = "<group>"; };
		83B7390B1F8B9F2000D6312A /* Base */ = {isa = PBXFileReference; lastKnownFileType = file.storyboard; name = Base; path = Base.lproj/LaunchScreen.storyboard; sourceTree = "<group>"; };
		83B7390D1F8B9F2000D6312A /* Info.plist */ = {isa = PBXFileReference; lastKnownFileType = text.plist.xml; path = Info.plist; sourceTree = "<group>"; };
		83B739171F8BA1CB00D6312A /* RoundedCornerButton.swift */ = {isa = PBXFileReference; lastKnownFileType = sourcecode.swift; path = RoundedCornerButton.swift; sourceTree = "<group>"; };
/* End PBXFileReference section */

/* Begin PBXFrameworksBuildPhase section */
		83B738FB1F8B9F2000D6312A /* Frameworks */ = {
			isa = PBXFrameworksBuildPhase;
			buildActionMask = 2147483647;
			files = (
			);
			runOnlyForDeploymentPostprocessing = 0;
		};
/* End PBXFrameworksBuildPhase section */

/* Begin PBXGroup section */
		83B738F51F8B9F2000D6312A = {
			isa = PBXGroup;
			children = (
				83B739001F8B9F2000D6312A /* Project 2 - Two Screen App */,
				83B738FF1F8B9F2000D6312A /* Products */,
			);
			sourceTree = "<group>";
		};
		83B738FF1F8B9F2000D6312A /* Products */ = {
			isa = PBXGroup;
			children = (
				83B738FE1F8B9F2000D6312A /* Project 2 - Two Screen App.app */,
			);
			name = Products;
			sourceTree = "<group>";
		};
		83B739001F8B9F2000D6312A /* Project 2 - Two Screen App */ = {
			isa = PBXGroup;
			children = (
				83B739161F8BA19400D6312A /* Models */,
				83B739151F8BA18A00D6312A /* Views */,
				83B739141F8BA17700D6312A /* Controllers */,
				83B739131F8BA15D00D6312A /* Supporting Files */,
				83B739051F8B9F2000D6312A /* Main.storyboard */,
				83B7390D1F8B9F2000D6312A /* Info.plist */,
			);
			path = "Project 2 - Two Screen App";
			sourceTree = "<group>";
		};
		83B739131F8BA15D00D6312A /* Supporting Files */ = {
			isa = PBXGroup;
			children = (
				83B739011F8B9F2000D6312A /* AppDelegate.swift */,
				83B739081F8B9F2000D6312A /* Assets.xcassets */,
				83B7390A1F8B9F2000D6312A /* LaunchScreen.storyboard */,
			);
			path = "Supporting Files";
			sourceTree = "<group>";
		};
		83B739141F8BA17700D6312A /* Controllers */ = {
			isa = PBXGroup;
			children = (
				83B739031F8B9F2000D6312A /* ViewController.swift */,
			);
			path = Controllers;
			sourceTree = "<group>";
		};
		83B739151F8BA18A00D6312A /* Views */ = {
			isa = PBXGroup;
			children = (
				83B739171F8BA1CB00D6312A /* RoundedCornerButton.swift */,
			);
			path = Views;
			sourceTree = "<group>";
		};
		83B739161F8BA19400D6312A /* Models */ = {
			isa = PBXGroup;
			children = (
			);
			path = Models;
			sourceTree = "<group>";
		};
/* End PBXGroup section */

/* Begin PBXNativeTarget section */
		83B738FD1F8B9F2000D6312A /* Project 2 - Two Screen App */ = {
			isa = PBXNativeTarget;
			buildConfigurationList = 83B739101F8B9F2000D6312A /* Build configuration list for PBXNativeTarget "Project 2 - Two Screen App" */;
			buildPhases = (
				83B738FA1F8B9F2000D6312A /* Sources */,
				83B738FB1F8B9F2000D6312A /* Frameworks */,
				83B738FC1F8B9F2000D6312A /* Resources */,
			);
			buildRules = (
			);
			dependencies = (
			);
			name = "Project 2 - Two Screen App";
			productName = "Project 2 - Two Screen App";
			productReference = 83B738FE1F8B9F2000D6312A /* Project 2 - Two Screen App.app */;
			productType = "com.apple.product-type.application";
		};
/* End PBXNativeTarget section */

/* Begin PBXProject section */
		83B738F61F8B9F2000D6312A /* Project object */ = {
			isa = PBXProject;
			attributes = {
				LastSwiftUpdateCheck = 0900;
				LastUpgradeCheck = 0900;
				ORGANIZATIONNAME = "Sujanth Sebamalaithasan";
				TargetAttributes = {
					83B738FD1F8B9F2000D6312A = {
						CreatedOnToolsVersion = 9.0;
						ProvisioningStyle = Automatic;
					};
				};
			};
			buildConfigurationList = 83B738F91F8B9F2000D6312A /* Build configuration list for PBXProject "Project 2 - Two Screen App" */;
			compatibilityVersion = "Xcode 8.0";
			developmentRegion = en;
			hasScannedForEncodings = 0;
			knownRegions = (
				en,
				Base,
			);
			mainGroup = 83B738F51F8B9F2000D6312A;
			productRefGroup = 83B738FF1F8B9F2000D6312A /* Products */;
			projectDirPath = "";
			projectRoot = "";
			targets = (
				83B738FD1F8B9F2000D6312A /* Project 2 - Two Screen App */,
			);
		};
/* End PBXProject section */

/* Begin PBXResourcesBuildPhase section */
		83B738FC1F8B9F2000D6312A /* Resources */ = {
			isa = PBXResourcesBuildPhase;
			buildActionMask = 2147483647;
			files = (
				83B7390C1F8B9F2000D6312A /* LaunchScreen.storyboard in Resources */,
				83B739091F8B9F2000D6312A /* Assets.xcassets in Resources */,
				83B739071F8B9F2000D6312A /* Main.storyboard in Resources */,
			);
			runOnlyForDeploymentPostprocessing = 0;
		};
/* End PBXResourcesBuildPhase section */

/* Begin PBXSourcesBuildPhase section */
		83B738FA1F8B9F2000D6312A /* Sources */ = {
			isa = PBXSourcesBuildPhase;
			buildActionMask = 2147483647;
			files = (
				83B739181F8BA1CB00D6312A /* RoundedCornerButton.swift in Sources */,
				83B739041F8B9F2000D6312A /* ViewController.swift in Sources */,
				83B739021F8B9F2000D6312A /* AppDelegate.swift in Sources */,
			);
			runOnlyForDeploymentPostprocessing = 0;
		};
/* End PBXSourcesBuildPhase section */

/* Begin PBXVariantGroup section */
		83B739051F8B9F2000D6312A /* Main.storyboard */ = {
			isa = PBXVariantGroup;
			children = (
				83B739061F8B9F2000D6312A /* Base */,
			);
			name = Main.storyboard;
			sourceTree = "<group>";
		};
		83B7390A1F8B9F2000D6312A /* LaunchScreen.storyboard */ = {
			isa = PBXVariantGroup;
			children = (
				83B7390B1F8B9F2000D6312A /* Base */,
			);
			name = LaunchScreen.storyboard;
			sourceTree = "<group>";
		};
/* End PBXVariantGroup section */

/* Begin XCBuildConfiguration section */
		83B7390E1F8B9F2000D6312A /* Debug */ = {
			isa = XCBuildConfiguration;
			buildSettings = {
				ALWAYS_SEARCH_USER_PATHS = NO;
				CLANG_ANALYZER_NONNULL = YES;
				CLANG_ANALYZER_NUMBER_OBJECT_CONVERSION = YES_AGGRESSIVE;
				CLANG_CXX_LANGUAGE_STANDARD = "gnu++14";
				CLANG_CXX_LIBRARY = "libc++";
				CLANG_ENABLE_MODULES = YES;
				CLANG_ENABLE_OBJC_ARC = YES;
				CLANG_WARN_BLOCK_CAPTURE_AUTORELEASING = YES;
				CLANG_WARN_BOOL_CONVERSION = YES;
				CLANG_WARN_COMMA = YES;
				CLANG_WARN_CONSTANT_CONVERSION = YES;
				CLANG_WARN_DIRECT_OBJC_ISA_USAGE = YES_ERROR;
				CLANG_WARN_DOCUMENTATION_COMMENTS = YES;
				CLANG_WARN_EMPTY_BODY = YES;
				CLANG_WARN_ENUM_CONVERSION = YES;
				CLANG_WARN_INFINITE_RECURSION = YES;
				CLANG_WARN_INT_CONVERSION = YES;
				CLANG_WARN_NON_LITERAL_NULL_CONVERSION = YES;
				CLANG_WARN_OBJC_LITERAL_CONVERSION = YES;
				CLANG_WARN_OBJC_ROOT_CLASS = YES_ERROR;
				CLANG_WARN_RANGE_LOOP_ANALYSIS = YES;
				CLANG_WARN_STRICT_PROTOTYPES = YES;
				CLANG_WARN_SUSPICIOUS_MOVE = YES;
				CLANG_WARN_UNGUARDED_AVAILABILITY = YES_AGGRESSIVE;
				CLANG_WARN_UNREACHABLE_CODE = YES;
				CLANG_WARN__DUPLICATE_METHOD_MATCH = YES;
				CODE_SIGN_IDENTITY = "iPhone Developer";
				COPY_PHASE_STRIP = NO;
				DEBUG_INFORMATION_FORMAT = dwarf;
				ENABLE_STRICT_OBJC_MSGSEND = YES;
				ENABLE_TESTABILITY = YES;
				GCC_C_LANGUAGE_STANDARD = gnu11;
				GCC_DYNAMIC_NO_PIC = NO;
				GCC_NO_COMMON_BLOCKS = YES;
				GCC_OPTIMIZATION_LEVEL = 0;
				GCC_PREPROCESSOR_DEFINITIONS = (
					"DEBUG=1",
					"$(inherited)",
				);
				GCC_WARN_64_TO_32_BIT_CONVERSION = YES;
				GCC_WARN_ABOUT_RETURN_TYPE = YES_ERROR;
				GCC_WARN_UNDECLARED_SELECTOR = YES;
				GCC_WARN_UNINITIALIZED_AUTOS = YES_AGGRESSIVE;
				GCC_WARN_UNUSED_FUNCTION = YES;
				GCC_WARN_UNUSED_VARIABLE = YES;
				IPHONEOS_DEPLOYMENT_TARGET = 11.0;
				MTL_ENABLE_DEBUG_INFO = YES;
				ONLY_ACTIVE_ARCH = YES;
				SDKROOT = iphoneos;
				SWIFT_ACTIVE_COMPILATION_CONDITIONS = DEBUG;
				SWIFT_OPTIMIZATION_LEVEL = "-Onone";
			};
			name = Debug;
		};
		83B7390F1F8B9F2000D6312A /* Release */ = {
			isa = XCBuildConfiguration;
			buildSettings = {
				ALWAYS_SEARCH_USER_PATHS = NO;
				CLANG_ANALYZER_NONNULL = YES;
				CLANG_ANALYZER_NUMBER_OBJECT_CONVERSION = YES_AGGRESSIVE;
				CLANG_CXX_LANGUAGE_STANDARD = "gnu++14";
				CLANG_CXX_LIBRARY = "libc++";
				CLANG_ENABLE_MODULES = YES;
				CLANG_ENABLE_OBJC_ARC = YES;
				CLANG_WARN_BLOCK_CAPTURE_AUTORELEASING = YES;
				CLANG_WARN_BOOL_CONVERSION = YES;
				CLANG_WARN_COMMA = YES;
				CLANG_WARN_CONSTANT_CONVERSION = YES;
				CLANG_WARN_DIRECT_OBJC_ISA_USAGE = YES_ERROR;
				CLANG_WARN_DOCUMENTATION_COMMENTS = YES;
				CLANG_WARN_EMPTY_BODY = YES;
				CLANG_WARN_ENUM_CONVERSION = YES;
				CLANG_WARN_INFINITE_RECURSION = YES;
				CLANG_WARN_INT_CONVERSION = YES;
				CLANG_WARN_NON_LITERAL_NULL_CONVERSION = YES;
				CLANG_WARN_OBJC_LITERAL_CONVERSION = YES;
				CLANG_WARN_OBJC_ROOT_CLASS = YES_ERROR;
				CLANG_WARN_RANGE_LOOP_ANALYSIS = YES;
				CLANG_WARN_STRICT_PROTOTYPES = YES;
				CLANG_WARN_SUSPICIOUS_MOVE = YES;
				CLANG_WARN_UNGUARDED_AVAILABILITY = YES_AGGRESSIVE;
				CLANG_WARN_UNREACHABLE_CODE = YES;
				CLANG_WARN__DUPLICATE_METHOD_MATCH = YES;
				CODE_SIGN_IDENTITY = "iPhone Developer";
				COPY_PHASE_STRIP = NO;
				DEBUG_INFORMATION_FORMAT = "dwarf-with-dsym";
				ENABLE_NS_ASSERTIONS = NO;
				ENABLE_STRICT_OBJC_MSGSEND = YES;
				GCC_C_LANGUAGE_STANDARD = gnu11;
				GCC_NO_COMMON_BLOCKS = YES;
				GCC_WARN_64_TO_32_BIT_CONVERSION = YES;
				GCC_WARN_ABOUT_RETURN_TYPE = YES_ERROR;
				GCC_WARN_UNDECLARED_SELECTOR = YES;
				GCC_WARN_UNINITIALIZED_AUTOS = YES_AGGRESSIVE;
				GCC_WARN_UNUSED_FUNCTION = YES;
				GCC_WARN_UNUSED_VARIABLE = YES;
				IPHONEOS_DEPLOYMENT_TARGET = 11.0;
				MTL_ENABLE_DEBUG_INFO = NO;
				SDKROOT = iphoneos;
				SWIFT_OPTIMIZATION_LEVEL = "-Owholemodule";
				VALIDATE_PRODUCT = YES;
			};
			name = Release;
		};
		83B739111F8B9F2000D6312A /* Debug */ = {
			isa = XCBuildConfiguration;
			buildSettings = {
				ASSETCATALOG_COMPILER_APPICON_NAME = AppIcon;
				CODE_SIGN_STYLE = Automatic;
				DEVELOPMENT_TEAM = 7444ZHPYLX;
				INFOPLIST_FILE = "Project 2 - Two Screen App/Info.plist";
				LD_RUNPATH_SEARCH_PATHS = "$(inherited) @executable_path/Frameworks";
				PRODUCT_BUNDLE_IDENTIFIER = "com.sujanth.Project-2---Two-Screen-App";
				PRODUCT_NAME = "$(TARGET_NAME)";
				SWIFT_VERSION = 4.0;
				TARGETED_DEVICE_FAMILY = "1,2";
			};
			name = Debug;
		};
		83B739121F8B9F2000D6312A /* Release */ = {
			isa = XCBuildConfiguration;
			buildSettings = {
				ASSETCATALOG_COMPILER_APPICON_NAME = AppIcon;
				CODE_SIGN_STYLE = Automatic;
				DEVELOPMENT_TEAM = 7444ZHPYLX;
				INFOPLIST_FILE = "Project 2 - Two Screen App/Info.plist";
				LD_RUNPATH_SEARCH_PATHS = "$(inherited) @executable_path/Frameworks";
				PRODUCT_BUNDLE_IDENTIFIER = "com.sujanth.Project-2---Two-Screen-App";
				PRODUCT_NAME = "$(TARGET_NAME)";
				SWIFT_VERSION = 4.0;
				TARGETED_DEVICE_FAMILY = "1,2";
			};
			name = Release;
		};
/* End XCBuildConfiguration section */

/* Begin XCConfigurationList section */
		83B738F91F8B9F2000D6312A /* Build configuration list for PBXProject "Project 2 - Two Screen App" */ = {
			isa = XCConfigurationList;
			buildConfigurations = (
				83B7390E1F8B9F2000D6312A /* Debug */,
				83B7390F1F8B9F2000D6312A /* Release */,
			);
			defaultConfigurationIsVisible = 0;
			defaultConfigurationName = Release;
		};
		83B739101F8B9F2000D6312A /* Build configuration list for PBXNativeTarget "Project 2 - Two Screen App" */ = {
			isa = XCConfigurationList;
			buildConfigurations = (
				83B739111F8B9F2000D6312A /* Debug */,
				83B739121F8B9F2000D6312A /* Release */,
			);
			defaultConfigurationIsVisible = 0;
			defaultConfigurationName = Release;
		};
/* End XCConfigurationList section */
	};
	rootObject = 83B738F61F8B9F2000D6312A /* Project object */;
}
